
Microsoft Visual Studio Solution File, Format Version 12.00
# Visual Studio 2012
Project("{FAE04EC0-301F-11D3-BF4B-00C04F79EFBC}") = "SchoolApplication", "SchoolApplication\SchoolApplication.csproj", "{B74D6459-DF80-481E-BB52-05C0C6DCBDBB}"
EndProject
Global
	GlobalSection(SolutionConfigurationPlatforms) = preSolution
		Debug|Any CPU = Debug|Any CPU
		Release|Any CPU = Release|Any CPU
	EndGlobalSection
	GlobalSection(ProjectConfigurationPlatforms) = postSolution
		{B74D6459-DF80-481E-BB52-05C0C6DCBDBB}.Debug|Any CPU.ActiveCfg = Debug|Any CPU
		{B74D6459-DF80-481E-BB52-05C0C6DCBDBB}.Debug|Any CPU.Build.0 = Debug|Any CPU
		{B74D6459-DF80-481E-BB52-05C0C6DCBDBB}.Release|Any CPU.ActiveCfg = Release|Any CPU
		{B74D6459-DF80-481E-BB52-05C0C6DCBDBB}.Release|Any CPU.Build.0 = Release|Any CPU
	EndGlobalSection
	GlobalSection(SolutionProperties) = preSolution
		HideSolutionNode = FALSE
	EndGlobalSection
EndGlobal
